// !$*UTF8*$!
{
	archiveVersion = 1;
	classes = {
	};
	objectVersion = 55;
	objects = {

/* Begin PBXBuildFile section */
		2489037CC5378EEE0CE8730A /* Pods_Krello.framework in Frameworks */ = {isa = PBXBuildFile; fileRef = D15D9EBA901D0B5B1CA0FD61 /* Pods_Krello.framework */; };
		6FD292C12824E7A000A0ED7E /* LoginViewTest.swift in Sources */ = {isa = PBXBuildFile; fileRef = 6FD292C02824E79F00A0ED7E /* LoginViewTest.swift */; };
		6FD292C22824E98B00A0ED7E /* Preview.swift in Sources */ = {isa = PBXBuildFile; fileRef = BC0B745C28225BDD007AE2B6 /* Preview.swift */; };
		9CFD1B2C1F608EA9228C54AB /* Pods_KrelloTests.framework in Frameworks */ = {isa = PBXBuildFile; fileRef = 992A62047D85C6E5349BC267 /* Pods_KrelloTests.framework */; };
		B74502322823944000172502 /* Validator.swift in Sources */ = {isa = PBXBuildFile; fileRef = B74502312823944000172502 /* Validator.swift */; };
		B74C02192828D90400C3602D /* AuthenticationEngine.swift in Sources */ = {isa = PBXBuildFile; fileRef = B74C02182828D90400C3602D /* AuthenticationEngine.swift */; };
		B76D57042823F694009EEAEC /* ValidatorTest.swift in Sources */ = {isa = PBXBuildFile; fileRef = B76D57032823F694009EEAEC /* ValidatorTest.swift */; };
		B76D57062824DBA8009EEAEC /* Preview.swift in Sources */ = {isa = PBXBuildFile; fileRef = BC0B745C28225BDD007AE2B6 /* Preview.swift */; };
		B76D57092824ED2F009EEAEC /* AuthenticationManager.swift in Sources */ = {isa = PBXBuildFile; fileRef = B76D57082824ED2F009EEAEC /* AuthenticationManager.swift */; };
		B76D570B2824EE21009EEAEC /* AuthenticationInfo.swift in Sources */ = {isa = PBXBuildFile; fileRef = B76D570A2824EE21009EEAEC /* AuthenticationInfo.swift */; };
		B76D570D2824F88C009EEAEC /* AuthenticationManagerIntegrationTest.swift in Sources */ = {isa = PBXBuildFile; fileRef = B76D570C2824F88C009EEAEC /* AuthenticationManagerIntegrationTest.swift */; };
		B76D570F2826E1F4009EEAEC /* AuthenticationTest.swift in Sources */ = {isa = PBXBuildFile; fileRef = B76D570E2826E1F4009EEAEC /* AuthenticationTest.swift */; };
		B76D57112826EC78009EEAEC /* UserInfo.swift in Sources */ = {isa = PBXBuildFile; fileRef = B76D57102826EC78009EEAEC /* UserInfo.swift */; };
		BC0B745D28225BDD007AE2B6 /* Preview.swift in Sources */ = {isa = PBXBuildFile; fileRef = BC0B745C28225BDD007AE2B6 /* Preview.swift */; };
		BC0B746528236A35007AE2B6 /* KrelloTests.swift in Sources */ = {isa = PBXBuildFile; fileRef = BCC51E0F28210F5800CDD04F /* KrelloTests.swift */; };
		BC22098128239D7000159AC0 /* LoginViewController.swift in Sources */ = {isa = PBXBuildFile; fileRef = BC22098028239D7000159AC0 /* LoginViewController.swift */; };
		BC22098228239D7000159AC0 /* LoginViewController.swift in Sources */ = {isa = PBXBuildFile; fileRef = BC22098028239D7000159AC0 /* LoginViewController.swift */; };
		BC2209842823A86000159AC0 /* DefaultView.swift in Sources */ = {isa = PBXBuildFile; fileRef = BC2209832823A86000159AC0 /* DefaultView.swift */; };
		BC2209852823A86000159AC0 /* DefaultView.swift in Sources */ = {isa = PBXBuildFile; fileRef = BC2209832823A86000159AC0 /* DefaultView.swift */; };
		BC2209872823A87700159AC0 /* LoginView.swift in Sources */ = {isa = PBXBuildFile; fileRef = BC2209862823A87700159AC0 /* LoginView.swift */; };
		BC2209882823A87700159AC0 /* LoginView.swift in Sources */ = {isa = PBXBuildFile; fileRef = BC2209862823A87700159AC0 /* LoginView.swift */; };
		BC22098A2823AD9900159AC0 /* UIColor+Extension.swift in Sources */ = {isa = PBXBuildFile; fileRef = BC2209892823AD9900159AC0 /* UIColor+Extension.swift */; };
		BC22098B2823AD9900159AC0 /* UIColor+Extension.swift in Sources */ = {isa = PBXBuildFile; fileRef = BC2209892823AD9900159AC0 /* UIColor+Extension.swift */; };
		BC22098D2823ADB200159AC0 /* UIStackView+Extension.swift in Sources */ = {isa = PBXBuildFile; fileRef = BC22098C2823ADB200159AC0 /* UIStackView+Extension.swift */; };
		BC22098E2823ADB200159AC0 /* UIStackView+Extension.swift in Sources */ = {isa = PBXBuildFile; fileRef = BC22098C2823ADB200159AC0 /* UIStackView+Extension.swift */; };
		BC2209902823AE1600159AC0 /* LayoutAnchor+Extension.swift in Sources */ = {isa = PBXBuildFile; fileRef = BC22098F2823AE1600159AC0 /* LayoutAnchor+Extension.swift */; };
		BC2209912823AE1600159AC0 /* LayoutAnchor+Extension.swift in Sources */ = {isa = PBXBuildFile; fileRef = BC22098F2823AE1600159AC0 /* LayoutAnchor+Extension.swift */; };
		BCC51DF928210F5700CDD04F /* AppDelegate.swift in Sources */ = {isa = PBXBuildFile; fileRef = BCC51DF828210F5700CDD04F /* AppDelegate.swift */; };
		BCC51DFB28210F5700CDD04F /* SceneDelegate.swift in Sources */ = {isa = PBXBuildFile; fileRef = BCC51DFA28210F5700CDD04F /* SceneDelegate.swift */; };
		BCC51DFD28210F5700CDD04F /* RootViewController.swift in Sources */ = {isa = PBXBuildFile; fileRef = BCC51DFC28210F5700CDD04F /* RootViewController.swift */; };
		BCC51E0228210F5800CDD04F /* Assets.xcassets in Resources */ = {isa = PBXBuildFile; fileRef = BCC51E0128210F5800CDD04F /* Assets.xcassets */; };
		BCC51E0528210F5800CDD04F /* LaunchScreen.storyboard in Resources */ = {isa = PBXBuildFile; fileRef = BCC51E0328210F5800CDD04F /* LaunchScreen.storyboard */; };
		BCC51E322821174200CDD04F /* Something+Extension.swift in Sources */ = {isa = PBXBuildFile; fileRef = BCC51E312821174200CDD04F /* Something+Extension.swift */; };
		BCC51E3428211AA500CDD04F /* GoogleService-Info.plist in Resources */ = {isa = PBXBuildFile; fileRef = BCC51E3328211AA500CDD04F /* GoogleService-Info.plist */; };
		BCD8350D2823C5C6001273C8 /* UIVIew+Extension.swift in Sources */ = {isa = PBXBuildFile; fileRef = BCD8350C2823C5C6001273C8 /* UIVIew+Extension.swift */; };
		BCD8350F2824FC35001273C8 /* TestingAppDelegate.swift in Sources */ = {isa = PBXBuildFile; fileRef = BCD8350E2824FC35001273C8 /* TestingAppDelegate.swift */; };
		BCD835112824FC98001273C8 /* main.swift in Sources */ = {isa = PBXBuildFile; fileRef = BCD835102824FC98001273C8 /* main.swift */; };
		BCD83525282A0C75001273C8 /* BoardCollectionViewCell.swift in Sources */ = {isa = PBXBuildFile; fileRef = BCD83524282A0C75001273C8 /* BoardCollectionViewCell.swift */; };
		BCD83527282A0C7E001273C8 /* BoardListViewController.swift in Sources */ = {isa = PBXBuildFile; fileRef = BCD83526282A0C7E001273C8 /* BoardListViewController.swift */; };
		BCD83528282A1796001273C8 /* BoardListViewController.swift in Sources */ = {isa = PBXBuildFile; fileRef = BCD83526282A0C7E001273C8 /* BoardListViewController.swift */; };
		BCD83529282A1799001273C8 /* BoardCollectionViewCell.swift in Sources */ = {isa = PBXBuildFile; fileRef = BCD83524282A0C75001273C8 /* BoardCollectionViewCell.swift */; };
/* End PBXBuildFile section */

/* Begin PBXContainerItemProxy section */
		BCC51E0C28210F5800CDD04F /* PBXContainerItemProxy */ = {
			isa = PBXContainerItemProxy;
			containerPortal = BCC51DED28210F5700CDD04F /* Project object */;
			proxyType = 1;
			remoteGlobalIDString = BCC51DF428210F5700CDD04F;
			remoteInfo = Krello;
		};
/* End PBXContainerItemProxy section */

/* Begin PBXFileReference section */
		01560B6CE738BCBD939EADB8 /* Pods-Krello.release.xcconfig */ = {isa = PBXFileReference; includeInIndex = 1; lastKnownFileType = text.xcconfig; name = "Pods-Krello.release.xcconfig"; path = "Target Support Files/Pods-Krello/Pods-Krello.release.xcconfig"; sourceTree = "<group>"; };
		6FD292C02824E79F00A0ED7E /* LoginViewTest.swift */ = {isa = PBXFileReference; lastKnownFileType = sourcecode.swift; path = LoginViewTest.swift; sourceTree = "<group>"; };
		8302E3DED610EF1C02403E3E /* Pods-KrelloTests.debug.xcconfig */ = {isa = PBXFileReference; includeInIndex = 1; lastKnownFileType = text.xcconfig; name = "Pods-KrelloTests.debug.xcconfig"; path = "Target Support Files/Pods-KrelloTests/Pods-KrelloTests.debug.xcconfig"; sourceTree = "<group>"; };
		992A62047D85C6E5349BC267 /* Pods_KrelloTests.framework */ = {isa = PBXFileReference; explicitFileType = wrapper.framework; includeInIndex = 0; path = Pods_KrelloTests.framework; sourceTree = BUILT_PRODUCTS_DIR; };
		A3D344D63B79E92BEEC611E7 /* Pods-KrelloTests.release.xcconfig */ = {isa = PBXFileReference; includeInIndex = 1; lastKnownFileType = text.xcconfig; name = "Pods-KrelloTests.release.xcconfig"; path = "Target Support Files/Pods-KrelloTests/Pods-KrelloTests.release.xcconfig"; sourceTree = "<group>"; };
		AAB53DB7ADEBD0FCFCF20435 /* Pods-Krello.debug.xcconfig */ = {isa = PBXFileReference; includeInIndex = 1; lastKnownFileType = text.xcconfig; name = "Pods-Krello.debug.xcconfig"; path = "Target Support Files/Pods-Krello/Pods-Krello.debug.xcconfig"; sourceTree = "<group>"; };
		B74502312823944000172502 /* Validator.swift */ = {isa = PBXFileReference; lastKnownFileType = sourcecode.swift; name = Validator.swift; path = Krello/Model/Validator.swift; sourceTree = SOURCE_ROOT; };
		B74C02182828D90400C3602D /* AuthenticationEngine.swift */ = {isa = PBXFileReference; lastKnownFileType = sourcecode.swift; path = AuthenticationEngine.swift; sourceTree = "<group>"; };
		B76D57032823F694009EEAEC /* ValidatorTest.swift */ = {isa = PBXFileReference; lastKnownFileType = sourcecode.swift; path = ValidatorTest.swift; sourceTree = "<group>"; };
		B76D57082824ED2F009EEAEC /* AuthenticationManager.swift */ = {isa = PBXFileReference; lastKnownFileType = sourcecode.swift; path = AuthenticationManager.swift; sourceTree = "<group>"; };
		B76D570A2824EE21009EEAEC /* AuthenticationInfo.swift */ = {isa = PBXFileReference; lastKnownFileType = sourcecode.swift; path = AuthenticationInfo.swift; sourceTree = "<group>"; };
		B76D570C2824F88C009EEAEC /* AuthenticationManagerIntegrationTest.swift */ = {isa = PBXFileReference; lastKnownFileType = sourcecode.swift; path = AuthenticationManagerIntegrationTest.swift; sourceTree = "<group>"; };
		B76D570E2826E1F4009EEAEC /* AuthenticationTest.swift */ = {isa = PBXFileReference; lastKnownFileType = sourcecode.swift; path = AuthenticationTest.swift; sourceTree = "<group>"; };
		B76D57102826EC78009EEAEC /* UserInfo.swift */ = {isa = PBXFileReference; lastKnownFileType = sourcecode.swift; path = UserInfo.swift; sourceTree = "<group>"; };
		BC0B745C28225BDD007AE2B6 /* Preview.swift */ = {isa = PBXFileReference; lastKnownFileType = sourcecode.swift; path = Preview.swift; sourceTree = "<group>"; };
		BC22098028239D7000159AC0 /* LoginViewController.swift */ = {isa = PBXFileReference; lastKnownFileType = sourcecode.swift; path = LoginViewController.swift; sourceTree = "<group>"; };
		BC2209832823A86000159AC0 /* DefaultView.swift */ = {isa = PBXFileReference; lastKnownFileType = sourcecode.swift; path = DefaultView.swift; sourceTree = "<group>"; };
		BC2209862823A87700159AC0 /* LoginView.swift */ = {isa = PBXFileReference; lastKnownFileType = sourcecode.swift; path = LoginView.swift; sourceTree = "<group>"; };
		BC2209892823AD9900159AC0 /* UIColor+Extension.swift */ = {isa = PBXFileReference; lastKnownFileType = sourcecode.swift; path = "UIColor+Extension.swift"; sourceTree = "<group>"; };
		BC22098C2823ADB200159AC0 /* UIStackView+Extension.swift */ = {isa = PBXFileReference; lastKnownFileType = sourcecode.swift; path = "UIStackView+Extension.swift"; sourceTree = "<group>"; };
		BC22098F2823AE1600159AC0 /* LayoutAnchor+Extension.swift */ = {isa = PBXFileReference; lastKnownFileType = sourcecode.swift; path = "LayoutAnchor+Extension.swift"; sourceTree = "<group>"; };
		BCC51DF528210F5700CDD04F /* Krello.app */ = {isa = PBXFileReference; explicitFileType = wrapper.application; includeInIndex = 0; path = Krello.app; sourceTree = BUILT_PRODUCTS_DIR; };
		BCC51DF828210F5700CDD04F /* AppDelegate.swift */ = {isa = PBXFileReference; lastKnownFileType = sourcecode.swift; path = AppDelegate.swift; sourceTree = "<group>"; };
		BCC51DFA28210F5700CDD04F /* SceneDelegate.swift */ = {isa = PBXFileReference; lastKnownFileType = sourcecode.swift; path = SceneDelegate.swift; sourceTree = "<group>"; };
		BCC51DFC28210F5700CDD04F /* RootViewController.swift */ = {isa = PBXFileReference; lastKnownFileType = sourcecode.swift; path = RootViewController.swift; sourceTree = "<group>"; };
		BCC51E0128210F5800CDD04F /* Assets.xcassets */ = {isa = PBXFileReference; lastKnownFileType = folder.assetcatalog; path = Assets.xcassets; sourceTree = "<group>"; };
		BCC51E0428210F5800CDD04F /* Base */ = {isa = PBXFileReference; lastKnownFileType = file.storyboard; name = Base; path = Base.lproj/LaunchScreen.storyboard; sourceTree = "<group>"; };
		BCC51E0628210F5800CDD04F /* Info.plist */ = {isa = PBXFileReference; lastKnownFileType = text.plist.xml; path = Info.plist; sourceTree = "<group>"; };
		BCC51E0B28210F5800CDD04F /* KrelloTests.xctest */ = {isa = PBXFileReference; explicitFileType = wrapper.cfbundle; includeInIndex = 0; path = KrelloTests.xctest; sourceTree = BUILT_PRODUCTS_DIR; };
		BCC51E0F28210F5800CDD04F /* KrelloTests.swift */ = {isa = PBXFileReference; lastKnownFileType = sourcecode.swift; path = KrelloTests.swift; sourceTree = "<group>"; };
		BCC51E312821174200CDD04F /* Something+Extension.swift */ = {isa = PBXFileReference; lastKnownFileType = sourcecode.swift; path = "Something+Extension.swift"; sourceTree = "<group>"; };
		BCC51E3328211AA500CDD04F /* GoogleService-Info.plist */ = {isa = PBXFileReference; fileEncoding = 4; lastKnownFileType = text.plist.xml; path = "GoogleService-Info.plist"; sourceTree = "<group>"; };
		BCD8350C2823C5C6001273C8 /* UIVIew+Extension.swift */ = {isa = PBXFileReference; lastKnownFileType = sourcecode.swift; path = "UIVIew+Extension.swift"; sourceTree = "<group>"; };
		BCD8350E2824FC35001273C8 /* TestingAppDelegate.swift */ = {isa = PBXFileReference; lastKnownFileType = sourcecode.swift; path = TestingAppDelegate.swift; sourceTree = "<group>"; };
		BCD835102824FC98001273C8 /* main.swift */ = {isa = PBXFileReference; lastKnownFileType = sourcecode.swift; path = main.swift; sourceTree = "<group>"; };
		BCD83524282A0C75001273C8 /* BoardCollectionViewCell.swift */ = {isa = PBXFileReference; fileEncoding = 4; lastKnownFileType = sourcecode.swift; path = BoardCollectionViewCell.swift; sourceTree = "<group>"; };
		BCD83526282A0C7E001273C8 /* BoardListViewController.swift */ = {isa = PBXFileReference; fileEncoding = 4; lastKnownFileType = sourcecode.swift; path = BoardListViewController.swift; sourceTree = "<group>"; };
		D15D9EBA901D0B5B1CA0FD61 /* Pods_Krello.framework */ = {isa = PBXFileReference; explicitFileType = wrapper.framework; includeInIndex = 0; path = Pods_Krello.framework; sourceTree = BUILT_PRODUCTS_DIR; };
/* End PBXFileReference section */

/* Begin PBXFrameworksBuildPhase section */
		BCC51DF228210F5700CDD04F /* Frameworks */ = {
			isa = PBXFrameworksBuildPhase;
			buildActionMask = 2147483647;
			files = (
				2489037CC5378EEE0CE8730A /* Pods_Krello.framework in Frameworks */,
			);
			runOnlyForDeploymentPostprocessing = 0;
		};
		BCC51E0828210F5800CDD04F /* Frameworks */ = {
			isa = PBXFrameworksBuildPhase;
			buildActionMask = 2147483647;
			files = (
				9CFD1B2C1F608EA9228C54AB /* Pods_KrelloTests.framework in Frameworks */,
			);
			runOnlyForDeploymentPostprocessing = 0;
		};
/* End PBXFrameworksBuildPhase section */

/* Begin PBXGroup section */
		95AEF5F2C33780BBA0D4AB52 /* Pods */ = {
			isa = PBXGroup;
			children = (
				AAB53DB7ADEBD0FCFCF20435 /* Pods-Krello.debug.xcconfig */,
				01560B6CE738BCBD939EADB8 /* Pods-Krello.release.xcconfig */,
				8302E3DED610EF1C02403E3E /* Pods-KrelloTests.debug.xcconfig */,
				A3D344D63B79E92BEEC611E7 /* Pods-KrelloTests.release.xcconfig */,
			);
			path = Pods;
			sourceTree = "<group>";
		};
		A012AC1263AFC72DBEDABB58 /* Frameworks */ = {
			isa = PBXGroup;
			children = (
				D15D9EBA901D0B5B1CA0FD61 /* Pods_Krello.framework */,
				992A62047D85C6E5349BC267 /* Pods_KrelloTests.framework */,
			);
			name = Frameworks;
			sourceTree = "<group>";
		};
		B7450233282394AB00172502 /* Model */ = {
			isa = PBXGroup;
			children = (
				B74502312823944000172502 /* Validator.swift */,
				B76D570A2824EE21009EEAEC /* AuthenticationInfo.swift */,
				B76D57102826EC78009EEAEC /* UserInfo.swift */,
			);
			path = Model;
			sourceTree = "<group>";
		};
		B76D57072824ECC2009EEAEC /* Network */ = {
			isa = PBXGroup;
			children = (
				B76D57082824ED2F009EEAEC /* AuthenticationManager.swift */,
				B74C02182828D90400C3602D /* AuthenticationEngine.swift */,
			);
			path = Network;
			sourceTree = "<group>";
		};
		BCC51DEC28210F5700CDD04F = {
			isa = PBXGroup;
			children = (
				BCC51DF728210F5700CDD04F /* Krello */,
				BCC51E0E28210F5800CDD04F /* KrelloTests */,
				BCC51DF628210F5700CDD04F /* Products */,
				95AEF5F2C33780BBA0D4AB52 /* Pods */,
				A012AC1263AFC72DBEDABB58 /* Frameworks */,
			);
			sourceTree = "<group>";
		};
		BCC51DF628210F5700CDD04F /* Products */ = {
			isa = PBXGroup;
			children = (
				BCC51DF528210F5700CDD04F /* Krello.app */,
				BCC51E0B28210F5800CDD04F /* KrelloTests.xctest */,
			);
			name = Products;
			sourceTree = "<group>";
		};
		BCC51DF728210F5700CDD04F /* Krello */ = {
			isa = PBXGroup;
			children = (
				B76D57072824ECC2009EEAEC /* Network */,
				BCC51E2E2821115C00CDD04F /* Controller */,
				BCC51E2D2821115300CDD04F /* Common */,
				BCC51E2A2821113900CDD04F /* View */,
				BCC51E292821113900CDD04F /* Supporting */,
				B7450233282394AB00172502 /* Model */,
			);
			path = Krello;
			sourceTree = "<group>";
		};
		BCC51E0E28210F5800CDD04F /* KrelloTests */ = {
			isa = PBXGroup;
			children = (
				B76D570E2826E1F4009EEAEC /* AuthenticationTest.swift */,
				B76D570C2824F88C009EEAEC /* AuthenticationManagerIntegrationTest.swift */,
				B76D57032823F694009EEAEC /* ValidatorTest.swift */,
				BCC51E0F28210F5800CDD04F /* KrelloTests.swift */,
				6FD292C02824E79F00A0ED7E /* LoginViewTest.swift */,
			);
			path = KrelloTests;
			sourceTree = "<group>";
		};
		BCC51E292821113900CDD04F /* Supporting */ = {
			isa = PBXGroup;
			children = (
				BCC51DF828210F5700CDD04F /* AppDelegate.swift */,
				BCD835102824FC98001273C8 /* main.swift */,
				BCD8350E2824FC35001273C8 /* TestingAppDelegate.swift */,
				BCC51DFA28210F5700CDD04F /* SceneDelegate.swift */,
				BCC51E0128210F5800CDD04F /* Assets.xcassets */,
				BCC51E0628210F5800CDD04F /* Info.plist */,
				BCC51E3328211AA500CDD04F /* GoogleService-Info.plist */,
				BC0B745C28225BDD007AE2B6 /* Preview.swift */,
			);
			path = Supporting;
			sourceTree = "<group>";
		};
		BCC51E2A2821113900CDD04F /* View */ = {
			isa = PBXGroup;
			children = (
				BCD83524282A0C75001273C8 /* BoardCollectionViewCell.swift */,
				BCC51E0328210F5800CDD04F /* LaunchScreen.storyboard */,
			);
			path = View;
			sourceTree = "<group>";
		};
		BCC51E2D2821115300CDD04F /* Common */ = {
			isa = PBXGroup;
			children = (
				BCC51E312821174200CDD04F /* Something+Extension.swift */,
				BC2209892823AD9900159AC0 /* UIColor+Extension.swift */,
				BC22098F2823AE1600159AC0 /* LayoutAnchor+Extension.swift */,
				BCD8350C2823C5C6001273C8 /* UIVIew+Extension.swift */,
				BC22098C2823ADB200159AC0 /* UIStackView+Extension.swift */,
			);
			path = Common;
			sourceTree = "<group>";
		};
		BCC51E2E2821115C00CDD04F /* Controller */ = {
			isa = PBXGroup;
			children = (
				BCC51DFC28210F5700CDD04F /* RootViewController.swift */,
				BC22098028239D7000159AC0 /* LoginViewController.swift */,
				BC2209832823A86000159AC0 /* DefaultView.swift */,
				BC2209862823A87700159AC0 /* LoginView.swift */,
				BCD83526282A0C7E001273C8 /* BoardListViewController.swift */,
			);
			path = Controller;
			sourceTree = "<group>";
		};
/* End PBXGroup section */

/* Begin PBXNativeTarget section */
		BCC51DF428210F5700CDD04F /* Krello */ = {
			isa = PBXNativeTarget;
			buildConfigurationList = BCC51E1F28210F5800CDD04F /* Build configuration list for PBXNativeTarget "Krello" */;
			buildPhases = (
				AEAB42A32599ACB18F665491 /* [CP] Check Pods Manifest.lock */,
				BC0B745528222C2A007AE2B6 /* SwiftLint Script */,
				BCC51DF128210F5700CDD04F /* Sources */,
				BCC51DF228210F5700CDD04F /* Frameworks */,
				BCC51DF328210F5700CDD04F /* Resources */,
				17FF449BAA7A29FAB83FBCD6 /* [CP] Embed Pods Frameworks */,
			);
			buildRules = (
			);
			dependencies = (
			);
			name = Krello;
			productName = Krello;
			productReference = BCC51DF528210F5700CDD04F /* Krello.app */;
			productType = "com.apple.product-type.application";
		};
		BCC51E0A28210F5800CDD04F /* KrelloTests */ = {
			isa = PBXNativeTarget;
			buildConfigurationList = BCC51E2228210F5800CDD04F /* Build configuration list for PBXNativeTarget "KrelloTests" */;
			buildPhases = (
				A47E1A3AE05055E94C81F35C /* [CP] Check Pods Manifest.lock */,
				BC0B745428222B35007AE2B6 /* SwiftLint Script */,
				BCC51E0728210F5800CDD04F /* Sources */,
				BCC51E0828210F5800CDD04F /* Frameworks */,
				BCC51E0928210F5800CDD04F /* Resources */,
				356908C21F0B511104A9DD03 /* [CP] Embed Pods Frameworks */,
			);
			buildRules = (
			);
			dependencies = (
				BCC51E0D28210F5800CDD04F /* PBXTargetDependency */,
			);
			name = KrelloTests;
			productName = KrelloTests;
			productReference = BCC51E0B28210F5800CDD04F /* KrelloTests.xctest */;
			productType = "com.apple.product-type.bundle.unit-test";
		};
/* End PBXNativeTarget section */

/* Begin PBXProject section */
		BCC51DED28210F5700CDD04F /* Project object */ = {
			isa = PBXProject;
			attributes = {
				BuildIndependentTargetsInParallel = 1;
				LastSwiftUpdateCheck = 1330;
				LastUpgradeCheck = 1330;
				TargetAttributes = {
					BCC51DF428210F5700CDD04F = {
						CreatedOnToolsVersion = 13.3;
					};
					BCC51E0A28210F5800CDD04F = {
						CreatedOnToolsVersion = 13.3;
						TestTargetID = BCC51DF428210F5700CDD04F;
					};
				};
			};
			buildConfigurationList = BCC51DF028210F5700CDD04F /* Build configuration list for PBXProject "Krello" */;
			compatibilityVersion = "Xcode 13.0";
			developmentRegion = en;
			hasScannedForEncodings = 0;
			knownRegions = (
				en,
				Base,
			);
			mainGroup = BCC51DEC28210F5700CDD04F;
			productRefGroup = BCC51DF628210F5700CDD04F /* Products */;
			projectDirPath = "";
			projectRoot = "";
			targets = (
				BCC51DF428210F5700CDD04F /* Krello */,
				BCC51E0A28210F5800CDD04F /* KrelloTests */,
			);
		};
/* End PBXProject section */

/* Begin PBXResourcesBuildPhase section */
		BCC51DF328210F5700CDD04F /* Resources */ = {
			isa = PBXResourcesBuildPhase;
			buildActionMask = 2147483647;
			files = (
				BCC51E0528210F5800CDD04F /* LaunchScreen.storyboard in Resources */,
				BCC51E0228210F5800CDD04F /* Assets.xcassets in Resources */,
				BCC51E3428211AA500CDD04F /* GoogleService-Info.plist in Resources */,
			);
			runOnlyForDeploymentPostprocessing = 0;
		};
		BCC51E0928210F5800CDD04F /* Resources */ = {
			isa = PBXResourcesBuildPhase;
			buildActionMask = 2147483647;
			files = (
			);
			runOnlyForDeploymentPostprocessing = 0;
		};
/* End PBXResourcesBuildPhase section */

/* Begin PBXShellScriptBuildPhase section */
		17FF449BAA7A29FAB83FBCD6 /* [CP] Embed Pods Frameworks */ = {
			isa = PBXShellScriptBuildPhase;
			buildActionMask = 2147483647;
			files = (
			);
			inputFileListPaths = (
				"${PODS_ROOT}/Target Support Files/Pods-Krello/Pods-Krello-frameworks-${CONFIGURATION}-input-files.xcfilelist",
			);
			name = "[CP] Embed Pods Frameworks";
			outputFileListPaths = (
				"${PODS_ROOT}/Target Support Files/Pods-Krello/Pods-Krello-frameworks-${CONFIGURATION}-output-files.xcfilelist",
			);
			runOnlyForDeploymentPostprocessing = 0;
			shellPath = /bin/sh;
			shellScript = "\"${PODS_ROOT}/Target Support Files/Pods-Krello/Pods-Krello-frameworks.sh\"\n";
			showEnvVarsInLog = 0;
		};
		356908C21F0B511104A9DD03 /* [CP] Embed Pods Frameworks */ = {
			isa = PBXShellScriptBuildPhase;
			buildActionMask = 2147483647;
			files = (
			);
			inputFileListPaths = (
				"${PODS_ROOT}/Target Support Files/Pods-KrelloTests/Pods-KrelloTests-frameworks-${CONFIGURATION}-input-files.xcfilelist",
			);
			name = "[CP] Embed Pods Frameworks";
			outputFileListPaths = (
				"${PODS_ROOT}/Target Support Files/Pods-KrelloTests/Pods-KrelloTests-frameworks-${CONFIGURATION}-output-files.xcfilelist",
			);
			runOnlyForDeploymentPostprocessing = 0;
			shellPath = /bin/sh;
			shellScript = "\"${PODS_ROOT}/Target Support Files/Pods-KrelloTests/Pods-KrelloTests-frameworks.sh\"\n";
			showEnvVarsInLog = 0;
		};
		A47E1A3AE05055E94C81F35C /* [CP] Check Pods Manifest.lock */ = {
			isa = PBXShellScriptBuildPhase;
			buildActionMask = 2147483647;
			files = (
			);
			inputFileListPaths = (
			);
			inputPaths = (
				"${PODS_PODFILE_DIR_PATH}/Podfile.lock",
				"${PODS_ROOT}/Manifest.lock",
			);
			name = "[CP] Check Pods Manifest.lock";
			outputFileListPaths = (
			);
			outputPaths = (
				"$(DERIVED_FILE_DIR)/Pods-KrelloTests-checkManifestLockResult.txt",
			);
			runOnlyForDeploymentPostprocessing = 0;
			shellPath = /bin/sh;
			shellScript = "diff \"${PODS_PODFILE_DIR_PATH}/Podfile.lock\" \"${PODS_ROOT}/Manifest.lock\" > /dev/null\nif [ $? != 0 ] ; then\n    # print error to STDERR\n    echo \"error: The sandbox is not in sync with the Podfile.lock. Run 'pod install' or update your CocoaPods installation.\" >&2\n    exit 1\nfi\n# This output is used by Xcode 'outputs' to avoid re-running this script phase.\necho \"SUCCESS\" > \"${SCRIPT_OUTPUT_FILE_0}\"\n";
			showEnvVarsInLog = 0;
		};
		AEAB42A32599ACB18F665491 /* [CP] Check Pods Manifest.lock */ = {
			isa = PBXShellScriptBuildPhase;
			buildActionMask = 2147483647;
			files = (
			);
			inputFileListPaths = (
			);
			inputPaths = (
				"${PODS_PODFILE_DIR_PATH}/Podfile.lock",
				"${PODS_ROOT}/Manifest.lock",
			);
			name = "[CP] Check Pods Manifest.lock";
			outputFileListPaths = (
			);
			outputPaths = (
				"$(DERIVED_FILE_DIR)/Pods-Krello-checkManifestLockResult.txt",
			);
			runOnlyForDeploymentPostprocessing = 0;
			shellPath = /bin/sh;
			shellScript = "diff \"${PODS_PODFILE_DIR_PATH}/Podfile.lock\" \"${PODS_ROOT}/Manifest.lock\" > /dev/null\nif [ $? != 0 ] ; then\n    # print error to STDERR\n    echo \"error: The sandbox is not in sync with the Podfile.lock. Run 'pod install' or update your CocoaPods installation.\" >&2\n    exit 1\nfi\n# This output is used by Xcode 'outputs' to avoid re-running this script phase.\necho \"SUCCESS\" > \"${SCRIPT_OUTPUT_FILE_0}\"\n";
			showEnvVarsInLog = 0;
		};
		BC0B745428222B35007AE2B6 /* SwiftLint Script */ = {
			isa = PBXShellScriptBuildPhase;
			buildActionMask = 2147483647;
			files = (
			);
			inputFileListPaths = (
			);
			inputPaths = (
			);
			name = "SwiftLint Script";
			outputFileListPaths = (
			);
			outputPaths = (
			);
			runOnlyForDeploymentPostprocessing = 0;
			shellPath = /bin/sh;
			shellScript = "\"${PODS_ROOT}/SwiftLint/swiftlint\" --fix\n";
		};
		BC0B745528222C2A007AE2B6 /* SwiftLint Script */ = {
			isa = PBXShellScriptBuildPhase;
			buildActionMask = 2147483647;
			files = (
			);
			inputFileListPaths = (
			);
			inputPaths = (
			);
			name = "SwiftLint Script";
			outputFileListPaths = (
			);
			outputPaths = (
			);
			runOnlyForDeploymentPostprocessing = 0;
			shellPath = /bin/sh;
			shellScript = "\"${PODS_ROOT}/SwiftLint/swiftlint\" --fix\n";
		};
/* End PBXShellScriptBuildPhase section */

/* Begin PBXSourcesBuildPhase section */
		BCC51DF128210F5700CDD04F /* Sources */ = {
			isa = PBXSourcesBuildPhase;
			buildActionMask = 2147483647;
			files = (
				BC22098128239D7000159AC0 /* LoginViewController.swift in Sources */,
				BC2209902823AE1600159AC0 /* LayoutAnchor+Extension.swift in Sources */,
				BCC51DFD28210F5700CDD04F /* RootViewController.swift in Sources */,
				BCC51DF928210F5700CDD04F /* AppDelegate.swift in Sources */,
				B76D57112826EC78009EEAEC /* UserInfo.swift in Sources */,
				B74C02192828D90400C3602D /* AuthenticationEngine.swift in Sources */,
				BC22098D2823ADB200159AC0 /* UIStackView+Extension.swift in Sources */,
				BC22098A2823AD9900159AC0 /* UIColor+Extension.swift in Sources */,
				BC0B745D28225BDD007AE2B6 /* Preview.swift in Sources */,
				BCC51E322821174200CDD04F /* Something+Extension.swift in Sources */,
				B76D570B2824EE21009EEAEC /* AuthenticationInfo.swift in Sources */,
				BCD83527282A0C7E001273C8 /* BoardListViewController.swift in Sources */,
				BCD835112824FC98001273C8 /* main.swift in Sources */,
				B74502322823944000172502 /* Validator.swift in Sources */,
				BCD83525282A0C75001273C8 /* BoardCollectionViewCell.swift in Sources */,
				B76D57092824ED2F009EEAEC /* AuthenticationManager.swift in Sources */,
				BCC51DFB28210F5700CDD04F /* SceneDelegate.swift in Sources */,
				BC2209872823A87700159AC0 /* LoginView.swift in Sources */,
				BC2209842823A86000159AC0 /* DefaultView.swift in Sources */,
				BCD8350D2823C5C6001273C8 /* UIVIew+Extension.swift in Sources */,
			);
			runOnlyForDeploymentPostprocessing = 0;
		};
		BCC51E0728210F5800CDD04F /* Sources */ = {
			isa = PBXSourcesBuildPhase;
			buildActionMask = 2147483647;
			files = (
				B76D57042823F694009EEAEC /* ValidatorTest.swift in Sources */,
				B76D570D2824F88C009EEAEC /* AuthenticationManagerIntegrationTest.swift in Sources */,
				BC22098228239D7000159AC0 /* LoginViewController.swift in Sources */,
				BC0B746528236A35007AE2B6 /* KrelloTests.swift in Sources */,
				6FD292C12824E7A000A0ED7E /* LoginViewTest.swift in Sources */,
				BC2209882823A87700159AC0 /* LoginView.swift in Sources */,
				BC2209912823AE1600159AC0 /* LayoutAnchor+Extension.swift in Sources */,
				BCD83529282A1799001273C8 /* BoardCollectionViewCell.swift in Sources */,
				B76D570F2826E1F4009EEAEC /* AuthenticationTest.swift in Sources */,
				BCD8350F2824FC35001273C8 /* TestingAppDelegate.swift in Sources */,
				BC2209852823A86000159AC0 /* DefaultView.swift in Sources */,
				BC22098B2823AD9900159AC0 /* UIColor+Extension.swift in Sources */,
				BCD83528282A1796001273C8 /* BoardListViewController.swift in Sources */,
				6FD292C22824E98B00A0ED7E /* Preview.swift in Sources */,
				B76D57062824DBA8009EEAEC /* Preview.swift in Sources */,
				BC22098E2823ADB200159AC0 /* UIStackView+Extension.swift in Sources */,
			);
			runOnlyForDeploymentPostprocessing = 0;
		};
/* End PBXSourcesBuildPhase section */

/* Begin PBXTargetDependency section */
		BCC51E0D28210F5800CDD04F /* PBXTargetDependency */ = {
			isa = PBXTargetDependency;
			target = BCC51DF428210F5700CDD04F /* Krello */;
			targetProxy = BCC51E0C28210F5800CDD04F /* PBXContainerItemProxy */;
		};
/* End PBXTargetDependency section */

/* Begin PBXVariantGroup section */
		BCC51E0328210F5800CDD04F /* LaunchScreen.storyboard */ = {
			isa = PBXVariantGroup;
			children = (
				BCC51E0428210F5800CDD04F /* Base */,
			);
			name = LaunchScreen.storyboard;
			sourceTree = "<group>";
		};
/* End PBXVariantGroup section */

/* Begin XCBuildConfiguration section */
		BCC51E1D28210F5800CDD04F /* Debug */ = {
			isa = XCBuildConfiguration;
			buildSettings = {
				ALWAYS_SEARCH_USER_PATHS = NO;
				CLANG_ANALYZER_NONNULL = YES;
				CLANG_ANALYZER_NUMBER_OBJECT_CONVERSION = YES_AGGRESSIVE;
				CLANG_CXX_LANGUAGE_STANDARD = "gnu++17";
				CLANG_ENABLE_MODULES = YES;
				CLANG_ENABLE_OBJC_ARC = YES;
				CLANG_ENABLE_OBJC_WEAK = YES;
				CLANG_WARN_BLOCK_CAPTURE_AUTORELEASING = YES;
				CLANG_WARN_BOOL_CONVERSION = YES;
				CLANG_WARN_COMMA = YES;
				CLANG_WARN_CONSTANT_CONVERSION = YES;
				CLANG_WARN_DEPRECATED_OBJC_IMPLEMENTATIONS = YES;
				CLANG_WARN_DIRECT_OBJC_ISA_USAGE = YES_ERROR;
				CLANG_WARN_DOCUMENTATION_COMMENTS = YES;
				CLANG_WARN_EMPTY_BODY = YES;
				CLANG_WARN_ENUM_CONVERSION = YES;
				CLANG_WARN_INFINITE_RECURSION = YES;
				CLANG_WARN_INT_CONVERSION = YES;
				CLANG_WARN_NON_LITERAL_NULL_CONVERSION = YES;
				CLANG_WARN_OBJC_IMPLICIT_RETAIN_SELF = YES;
				CLANG_WARN_OBJC_LITERAL_CONVERSION = YES;
				CLANG_WARN_OBJC_ROOT_CLASS = YES_ERROR;
				CLANG_WARN_QUOTED_INCLUDE_IN_FRAMEWORK_HEADER = YES;
				CLANG_WARN_RANGE_LOOP_ANALYSIS = YES;
				CLANG_WARN_STRICT_PROTOTYPES = YES;
				CLANG_WARN_SUSPICIOUS_MOVE = YES;
				CLANG_WARN_UNGUARDED_AVAILABILITY = YES_AGGRESSIVE;
				CLANG_WARN_UNREACHABLE_CODE = YES;
				CLANG_WARN__DUPLICATE_METHOD_MATCH = YES;
				COPY_PHASE_STRIP = NO;
				DEBUG_INFORMATION_FORMAT = dwarf;
				ENABLE_STRICT_OBJC_MSGSEND = YES;
				ENABLE_TESTABILITY = YES;
				GCC_C_LANGUAGE_STANDARD = gnu11;
				GCC_DYNAMIC_NO_PIC = NO;
				GCC_NO_COMMON_BLOCKS = YES;
				GCC_OPTIMIZATION_LEVEL = 0;
				GCC_PREPROCESSOR_DEFINITIONS = (
					"DEBUG=1",
					"$(inherited)",
				);
				GCC_WARN_64_TO_32_BIT_CONVERSION = YES;
				GCC_WARN_ABOUT_RETURN_TYPE = YES_ERROR;
				GCC_WARN_UNDECLARED_SELECTOR = YES;
				GCC_WARN_UNINITIALIZED_AUTOS = YES_AGGRESSIVE;
				GCC_WARN_UNUSED_FUNCTION = YES;
				GCC_WARN_UNUSED_VARIABLE = YES;
				IPHONEOS_DEPLOYMENT_TARGET = 13.0;
				MTL_ENABLE_DEBUG_INFO = INCLUDE_SOURCE;
				MTL_FAST_MATH = YES;
				ONLY_ACTIVE_ARCH = YES;
				SDKROOT = iphoneos;
				SWIFT_ACTIVE_COMPILATION_CONDITIONS = DEBUG;
				SWIFT_OPTIMIZATION_LEVEL = "-Onone";
			};
			name = Debug;
		};
		BCC51E1E28210F5800CDD04F /* Release */ = {
			isa = XCBuildConfiguration;
			buildSettings = {
				ALWAYS_SEARCH_USER_PATHS = NO;
				CLANG_ANALYZER_NONNULL = YES;
				CLANG_ANALYZER_NUMBER_OBJECT_CONVERSION = YES_AGGRESSIVE;
				CLANG_CXX_LANGUAGE_STANDARD = "gnu++17";
				CLANG_ENABLE_MODULES = YES;
				CLANG_ENABLE_OBJC_ARC = YES;
				CLANG_ENABLE_OBJC_WEAK = YES;
				CLANG_WARN_BLOCK_CAPTURE_AUTORELEASING = YES;
				CLANG_WARN_BOOL_CONVERSION = YES;
				CLANG_WARN_COMMA = YES;
				CLANG_WARN_CONSTANT_CONVERSION = YES;
				CLANG_WARN_DEPRECATED_OBJC_IMPLEMENTATIONS = YES;
				CLANG_WARN_DIRECT_OBJC_ISA_USAGE = YES_ERROR;
				CLANG_WARN_DOCUMENTATION_COMMENTS = YES;
				CLANG_WARN_EMPTY_BODY = YES;
				CLANG_WARN_ENUM_CONVERSION = YES;
				CLANG_WARN_INFINITE_RECURSION = YES;
				CLANG_WARN_INT_CONVERSION = YES;
				CLANG_WARN_NON_LITERAL_NULL_CONVERSION = YES;
				CLANG_WARN_OBJC_IMPLICIT_RETAIN_SELF = YES;
				CLANG_WARN_OBJC_LITERAL_CONVERSION = YES;
				CLANG_WARN_OBJC_ROOT_CLASS = YES_ERROR;
				CLANG_WARN_QUOTED_INCLUDE_IN_FRAMEWORK_HEADER = YES;
				CLANG_WARN_RANGE_LOOP_ANALYSIS = YES;
				CLANG_WARN_STRICT_PROTOTYPES = YES;
				CLANG_WARN_SUSPICIOUS_MOVE = YES;
				CLANG_WARN_UNGUARDED_AVAILABILITY = YES_AGGRESSIVE;
				CLANG_WARN_UNREACHABLE_CODE = YES;
				CLANG_WARN__DUPLICATE_METHOD_MATCH = YES;
				COPY_PHASE_STRIP = NO;
				DEBUG_INFORMATION_FORMAT = "dwarf-with-dsym";
				ENABLE_NS_ASSERTIONS = NO;
				ENABLE_STRICT_OBJC_MSGSEND = YES;
				GCC_C_LANGUAGE_STANDARD = gnu11;
				GCC_NO_COMMON_BLOCKS = YES;
				GCC_WARN_64_TO_32_BIT_CONVERSION = YES;
				GCC_WARN_ABOUT_RETURN_TYPE = YES_ERROR;
				GCC_WARN_UNDECLARED_SELECTOR = YES;
				GCC_WARN_UNINITIALIZED_AUTOS = YES_AGGRESSIVE;
				GCC_WARN_UNUSED_FUNCTION = YES;
				GCC_WARN_UNUSED_VARIABLE = YES;
				IPHONEOS_DEPLOYMENT_TARGET = 13.0;
				MTL_ENABLE_DEBUG_INFO = NO;
				MTL_FAST_MATH = YES;
				SDKROOT = iphoneos;
				SWIFT_COMPILATION_MODE = wholemodule;
				SWIFT_OPTIMIZATION_LEVEL = "-O";
				VALIDATE_PRODUCT = YES;
			};
			name = Release;
		};
		BCC51E2028210F5800CDD04F /* Debug */ = {
			isa = XCBuildConfiguration;
			baseConfigurationReference = AAB53DB7ADEBD0FCFCF20435 /* Pods-Krello.debug.xcconfig */;
			buildSettings = {
				ASSETCATALOG_COMPILER_APPICON_NAME = AppIcon;
				ASSETCATALOG_COMPILER_GLOBAL_ACCENT_COLOR_NAME = AccentColor;
				CODE_SIGN_STYLE = Automatic;
				CURRENT_PROJECT_VERSION = 1;
				DEVELOPMENT_TEAM = B3PWYBKFUK;
				GENERATE_INFOPLIST_FILE = YES;
				INFOPLIST_FILE = Krello/Supporting/Info.plist;
				INFOPLIST_KEY_UIApplicationSupportsIndirectInputEvents = YES;
				INFOPLIST_KEY_UILaunchStoryboardName = LaunchScreen;
				INFOPLIST_KEY_UISupportedInterfaceOrientations_iPad = "UIInterfaceOrientationPortrait UIInterfaceOrientationPortraitUpsideDown UIInterfaceOrientationLandscapeLeft UIInterfaceOrientationLandscapeRight";
				INFOPLIST_KEY_UISupportedInterfaceOrientations_iPhone = "UIInterfaceOrientationPortrait UIInterfaceOrientationLandscapeLeft UIInterfaceOrientationLandscapeRight";
				IPHONEOS_DEPLOYMENT_TARGET = 13.0;
				LD_RUNPATH_SEARCH_PATHS = (
					"$(inherited)",
					"@executable_path/Frameworks",
				);
				MARKETING_VERSION = 1.0;
				PRODUCT_BUNDLE_IDENTIFIER = com.KaiRosaEddy.Krello;
				PRODUCT_NAME = "$(TARGET_NAME)";
				SWIFT_EMIT_LOC_STRINGS = YES;
				SWIFT_VERSION = 5.0;
				TARGETED_DEVICE_FAMILY = "1,2";
			};
			name = Debug;
		};
		BCC51E2128210F5800CDD04F /* Release */ = {
			isa = XCBuildConfiguration;
			baseConfigurationReference = 01560B6CE738BCBD939EADB8 /* Pods-Krello.release.xcconfig */;
			buildSettings = {
				ASSETCATALOG_COMPILER_APPICON_NAME = AppIcon;
				ASSETCATALOG_COMPILER_GLOBAL_ACCENT_COLOR_NAME = AccentColor;
				CODE_SIGN_STYLE = Automatic;
				CURRENT_PROJECT_VERSION = 1;
				DEVELOPMENT_TEAM = B3PWYBKFUK;
				GENERATE_INFOPLIST_FILE = YES;
				INFOPLIST_FILE = Krello/Supporting/Info.plist;
				INFOPLIST_KEY_UIApplicationSupportsIndirectInputEvents = YES;
				INFOPLIST_KEY_UILaunchStoryboardName = LaunchScreen;
				INFOPLIST_KEY_UISupportedInterfaceOrientations_iPad = "UIInterfaceOrientationPortrait UIInterfaceOrientationPortraitUpsideDown UIInterfaceOrientationLandscapeLeft UIInterfaceOrientationLandscapeRight";
				INFOPLIST_KEY_UISupportedInterfaceOrientations_iPhone = "UIInterfaceOrientationPortrait UIInterfaceOrientationLandscapeLeft UIInterfaceOrientationLandscapeRight";
				IPHONEOS_DEPLOYMENT_TARGET = 13.0;
				LD_RUNPATH_SEARCH_PATHS = (
					"$(inherited)",
					"@executable_path/Frameworks",
				);
				MARKETING_VERSION = 1.0;
				PRODUCT_BUNDLE_IDENTIFIER = com.KaiRosaEddy.Krello;
				PRODUCT_NAME = "$(TARGET_NAME)";
				SWIFT_EMIT_LOC_STRINGS = YES;
				SWIFT_VERSION = 5.0;
				TARGETED_DEVICE_FAMILY = "1,2";
			};
			name = Release;
		};
		BCC51E2328210F5800CDD04F /* Debug */ = {
			isa = XCBuildConfiguration;
			baseConfigurationReference = 8302E3DED610EF1C02403E3E /* Pods-KrelloTests.debug.xcconfig */;
			buildSettings = {
				ALWAYS_EMBED_SWIFT_STANDARD_LIBRARIES = YES;
				BUNDLE_LOADER = "$(TEST_HOST)";
				CODE_SIGN_STYLE = Automatic;
				CURRENT_PROJECT_VERSION = 1;
				DEVELOPMENT_TEAM = B3PWYBKFUK;
				GENERATE_INFOPLIST_FILE = YES;
				IPHONEOS_DEPLOYMENT_TARGET = 13.0;
				MARKETING_VERSION = 1.0;
				PRODUCT_BUNDLE_IDENTIFIER = com.eddysong.KrelloTests;
				PRODUCT_NAME = "$(TARGET_NAME)";
				SWIFT_EMIT_LOC_STRINGS = NO;
				SWIFT_VERSION = 5.0;
				TARGETED_DEVICE_FAMILY = "1,2";
				TEST_HOST = "$(BUILT_PRODUCTS_DIR)/Krello.app/Krello";
			};
			name = Debug;
		};
		BCC51E2428210F5800CDD04F /* Release */ = {
			isa = XCBuildConfiguration;
			baseConfigurationReference = A3D344D63B79E92BEEC611E7 /* Pods-KrelloTests.release.xcconfig */;
			buildSettings = {
				ALWAYS_EMBED_SWIFT_STANDARD_LIBRARIES = YES;
				BUNDLE_LOADER = "$(TEST_HOST)";
				CODE_SIGN_STYLE = Automatic;
				CURRENT_PROJECT_VERSION = 1;
				DEVELOPMENT_TEAM = B3PWYBKFUK;
				GENERATE_INFOPLIST_FILE = YES;
				IPHONEOS_DEPLOYMENT_TARGET = 13.0;
				MARKETING_VERSION = 1.0;
				PRODUCT_BUNDLE_IDENTIFIER = com.eddysong.KrelloTests;
				PRODUCT_NAME = "$(TARGET_NAME)";
				SWIFT_EMIT_LOC_STRINGS = NO;
				SWIFT_VERSION = 5.0;
				TARGETED_DEVICE_FAMILY = "1,2";
				TEST_HOST = "$(BUILT_PRODUCTS_DIR)/Krello.app/Krello";
			};
			name = Release;
		};
/* End XCBuildConfiguration section */

/* Begin XCConfigurationList section */
		BCC51DF028210F5700CDD04F /* Build configuration list for PBXProject "Krello" */ = {
			isa = XCConfigurationList;
			buildConfigurations = (
				BCC51E1D28210F5800CDD04F /* Debug */,
				BCC51E1E28210F5800CDD04F /* Release */,
			);
			defaultConfigurationIsVisible = 0;
			defaultConfigurationName = Release;
		};
		BCC51E1F28210F5800CDD04F /* Build configuration list for PBXNativeTarget "Krello" */ = {
			isa = XCConfigurationList;
			buildConfigurations = (
				BCC51E2028210F5800CDD04F /* Debug */,
				BCC51E2128210F5800CDD04F /* Release */,
			);
			defaultConfigurationIsVisible = 0;
			defaultConfigurationName = Release;
		};
		BCC51E2228210F5800CDD04F /* Build configuration list for PBXNativeTarget "KrelloTests" */ = {
			isa = XCConfigurationList;
			buildConfigurations = (
				BCC51E2328210F5800CDD04F /* Debug */,
				BCC51E2428210F5800CDD04F /* Release */,
			);
			defaultConfigurationIsVisible = 0;
			defaultConfigurationName = Release;
		};
/* End XCConfigurationList section */
	};
	rootObject = BCC51DED28210F5700CDD04F /* Project object */;
}
