// !$*UTF8*$!
{
	archiveVersion = 1;
	classes = {
	};
	objectVersion = 55;
	objects = {

/* Begin PBXBuildFile section */
		BCC51DF928210F5700CDD04F /* AppDelegate.swift in Sources */ = {isa = PBXBuildFile; fileRef = BCC51DF828210F5700CDD04F /* AppDelegate.swift */; };
		BCC51DFB28210F5700CDD04F /* SceneDelegate.swift in Sources */ = {isa = PBXBuildFile; fileRef = BCC51DFA28210F5700CDD04F /* SceneDelegate.swift */; };
		BCC51DFD28210F5700CDD04F /* ViewController.swift in Sources */ = {isa = PBXBuildFile; fileRef = BCC51DFC28210F5700CDD04F /* ViewController.swift */; };
		BCC51E0028210F5700CDD04F /* Main.storyboard in Resources */ = {isa = PBXBuildFile; fileRef = BCC51DFE28210F5700CDD04F /* Main.storyboard */; };
		BCC51E0228210F5800CDD04F /* Assets.xcassets in Resources */ = {isa = PBXBuildFile; fileRef = BCC51E0128210F5800CDD04F /* Assets.xcassets */; };
		BCC51E0528210F5800CDD04F /* LaunchScreen.storyboard in Resources */ = {isa = PBXBuildFile; fileRef = BCC51E0328210F5800CDD04F /* LaunchScreen.storyboard */; };
		BCC51E1028210F5800CDD04F /* KrelloTests.swift in Sources */ = {isa = PBXBuildFile; fileRef = BCC51E0F28210F5800CDD04F /* KrelloTests.swift */; };
		BCC51E1A28210F5800CDD04F /* KrelloUITests.swift in Sources */ = {isa = PBXBuildFile; fileRef = BCC51E1928210F5800CDD04F /* KrelloUITests.swift */; };
		BCC51E1C28210F5800CDD04F /* KrelloUITestsLaunchTests.swift in Sources */ = {isa = PBXBuildFile; fileRef = BCC51E1B28210F5800CDD04F /* KrelloUITestsLaunchTests.swift */; };
/* End PBXBuildFile section */

/* Begin PBXContainerItemProxy section */
		BCC51E0C28210F5800CDD04F /* PBXContainerItemProxy */ = {
			isa = PBXContainerItemProxy;
			containerPortal = BCC51DED28210F5700CDD04F /* Project object */;
			proxyType = 1;
			remoteGlobalIDString = BCC51DF428210F5700CDD04F;
			remoteInfo = Krello;
		};
		BCC51E1628210F5800CDD04F /* PBXContainerItemProxy */ = {
			isa = PBXContainerItemProxy;
			containerPortal = BCC51DED28210F5700CDD04F /* Project object */;
			proxyType = 1;
			remoteGlobalIDString = BCC51DF428210F5700CDD04F;
			remoteInfo = Krello;
		};
/* End PBXContainerItemProxy section */

/* Begin PBXFileReference section */
		BCC51DF528210F5700CDD04F /* Krello.app */ = {isa = PBXFileReference; explicitFileType = wrapper.application; includeInIndex = 0; path = Krello.app; sourceTree = BUILT_PRODUCTS_DIR; };
		BCC51DF828210F5700CDD04F /* AppDelegate.swift */ = {isa = PBXFileReference; lastKnownFileType = sourcecode.swift; path = AppDelegate.swift; sourceTree = "<group>"; };
		BCC51DFA28210F5700CDD04F /* SceneDelegate.swift */ = {isa = PBXFileReference; lastKnownFileType = sourcecode.swift; path = SceneDelegate.swift; sourceTree = "<group>"; };
		BCC51DFC28210F5700CDD04F /* ViewController.swift */ = {isa = PBXFileReference; lastKnownFileType = sourcecode.swift; path = ViewController.swift; sourceTree = "<group>"; };
		BCC51DFF28210F5700CDD04F /* Base */ = {isa = PBXFileReference; lastKnownFileType = file.storyboard; name = Base; path = Base.lproj/Main.storyboard; sourceTree = "<group>"; };
		BCC51E0128210F5800CDD04F /* Assets.xcassets */ = {isa = PBXFileReference; lastKnownFileType = folder.assetcatalog; path = Assets.xcassets; sourceTree = "<group>"; };
		BCC51E0428210F5800CDD04F /* Base */ = {isa = PBXFileReference; lastKnownFileType = file.storyboard; name = Base; path = Base.lproj/LaunchScreen.storyboard; sourceTree = "<group>"; };
		BCC51E0628210F5800CDD04F /* Info.plist */ = {isa = PBXFileReference; lastKnownFileType = text.plist.xml; path = Info.plist; sourceTree = "<group>"; };
		BCC51E0B28210F5800CDD04F /* KrelloTests.xctest */ = {isa = PBXFileReference; explicitFileType = wrapper.cfbundle; includeInIndex = 0; path = KrelloTests.xctest; sourceTree = BUILT_PRODUCTS_DIR; };
		BCC51E0F28210F5800CDD04F /* KrelloTests.swift */ = {isa = PBXFileReference; lastKnownFileType = sourcecode.swift; path = KrelloTests.swift; sourceTree = "<group>"; };
		BCC51E1528210F5800CDD04F /* KrelloUITests.xctest */ = {isa = PBXFileReference; explicitFileType = wrapper.cfbundle; includeInIndex = 0; path = KrelloUITests.xctest; sourceTree = BUILT_PRODUCTS_DIR; };
		BCC51E1928210F5800CDD04F /* KrelloUITests.swift */ = {isa = PBXFileReference; lastKnownFileType = sourcecode.swift; path = KrelloUITests.swift; sourceTree = "<group>"; };
		BCC51E1B28210F5800CDD04F /* KrelloUITestsLaunchTests.swift */ = {isa = PBXFileReference; lastKnownFileType = sourcecode.swift; path = KrelloUITestsLaunchTests.swift; sourceTree = "<group>"; };
/* End PBXFileReference section */

/* Begin PBXFrameworksBuildPhase section */
		BCC51DF228210F5700CDD04F /* Frameworks */ = {
			isa = PBXFrameworksBuildPhase;
			buildActionMask = 2147483647;
			files = (
			);
			runOnlyForDeploymentPostprocessing = 0;
		};
		BCC51E0828210F5800CDD04F /* Frameworks */ = {
			isa = PBXFrameworksBuildPhase;
			buildActionMask = 2147483647;
			files = (
			);
			runOnlyForDeploymentPostprocessing = 0;
		};
		BCC51E1228210F5800CDD04F /* Frameworks */ = {
			isa = PBXFrameworksBuildPhase;
			buildActionMask = 2147483647;
			files = (
			);
			runOnlyForDeploymentPostprocessing = 0;
		};
/* End PBXFrameworksBuildPhase section */

/* Begin PBXGroup section */
		BCC51DEC28210F5700CDD04F = {
			isa = PBXGroup;
			children = (
				BCC51DF728210F5700CDD04F /* Krello */,
				BCC51E0E28210F5800CDD04F /* KrelloTests */,
				BCC51E1828210F5800CDD04F /* KrelloUITests */,
				BCC51DF628210F5700CDD04F /* Products */,
			);
			sourceTree = "<group>";
		};
		BCC51DF628210F5700CDD04F /* Products */ = {
			isa = PBXGroup;
			children = (
				BCC51DF528210F5700CDD04F /* Krello.app */,
				BCC51E0B28210F5800CDD04F /* KrelloTests.xctest */,
				BCC51E1528210F5800CDD04F /* KrelloUITests.xctest */,
			);
			name = Products;
			sourceTree = "<group>";
		};
		BCC51DF728210F5700CDD04F /* Krello */ = {
			isa = PBXGroup;
			children = (
				BCC51DF828210F5700CDD04F /* AppDelegate.swift */,
				BCC51DFA28210F5700CDD04F /* SceneDelegate.swift */,
				BCC51DFC28210F5700CDD04F /* ViewController.swift */,
				BCC51DFE28210F5700CDD04F /* Main.storyboard */,
				BCC51E0128210F5800CDD04F /* Assets.xcassets */,
				BCC51E0328210F5800CDD04F /* LaunchScreen.storyboard */,
				BCC51E0628210F5800CDD04F /* Info.plist */,
			);
			path = Krello;
			sourceTree = "<group>";
		};
		BCC51E0E28210F5800CDD04F /* KrelloTests */ = {
			isa = PBXGroup;
			children = (
				BCC51E0F28210F5800CDD04F /* KrelloTests.swift */,
			);
			path = KrelloTests;
			sourceTree = "<group>";
		};
		BCC51E1828210F5800CDD04F /* KrelloUITests */ = {
			isa = PBXGroup;
			children = (
				BCC51E1928210F5800CDD04F /* KrelloUITests.swift */,
				BCC51E1B28210F5800CDD04F /* KrelloUITestsLaunchTests.swift */,
			);
			path = KrelloUITests;
			sourceTree = "<group>";
		};
/* End PBXGroup section */

/* Begin PBXNativeTarget section */
		BCC51DF428210F5700CDD04F /* Krello */ = {
			isa = PBXNativeTarget;
			buildConfigurationList = BCC51E1F28210F5800CDD04F /* Build configuration list for PBXNativeTarget "Krello" */;
			buildPhases = (
				BCC51DF128210F5700CDD04F /* Sources */,
				BCC51DF228210F5700CDD04F /* Frameworks */,
				BCC51DF328210F5700CDD04F /* Resources */,
			);
			buildRules = (
			);
			dependencies = (
			);
			name = Krello;
			productName = Krello;
			productReference = BCC51DF528210F5700CDD04F /* Krello.app */;
			productType = "com.apple.product-type.application";
		};
		BCC51E0A28210F5800CDD04F /* KrelloTests */ = {
			isa = PBXNativeTarget;
			buildConfigurationList = BCC51E2228210F5800CDD04F /* Build configuration list for PBXNativeTarget "KrelloTests" */;
			buildPhases = (
				BCC51E0728210F5800CDD04F /* Sources */,
				BCC51E0828210F5800CDD04F /* Frameworks */,
				BCC51E0928210F5800CDD04F /* Resources */,
			);
			buildRules = (
			);
			dependencies = (
				BCC51E0D28210F5800CDD04F /* PBXTargetDependency */,
			);
			name = KrelloTests;
			productName = KrelloTests;
			productReference = BCC51E0B28210F5800CDD04F /* KrelloTests.xctest */;
			productType = "com.apple.product-type.bundle.unit-test";
		};
		BCC51E1428210F5800CDD04F /* KrelloUITests */ = {
			isa = PBXNativeTarget;
			buildConfigurationList = BCC51E2528210F5800CDD04F /* Build configuration list for PBXNativeTarget "KrelloUITests" */;
			buildPhases = (
				BCC51E1128210F5800CDD04F /* Sources */,
				BCC51E1228210F5800CDD04F /* Frameworks */,
				BCC51E1328210F5800CDD04F /* Resources */,
			);
			buildRules = (
			);
			dependencies = (
				BCC51E1728210F5800CDD04F /* PBXTargetDependency */,
			);
			name = KrelloUITests;
			productName = KrelloUITests;
			productReference = BCC51E1528210F5800CDD04F /* KrelloUITests.xctest */;
			productType = "com.apple.product-type.bundle.ui-testing";
		};
/* End PBXNativeTarget section */

/* Begin PBXProject section */
		BCC51DED28210F5700CDD04F /* Project object */ = {
			isa = PBXProject;
			attributes = {
				BuildIndependentTargetsInParallel = 1;
				LastSwiftUpdateCheck = 1330;
				LastUpgradeCheck = 1330;
				TargetAttributes = {
					BCC51DF428210F5700CDD04F = {
						CreatedOnToolsVersion = 13.3;
					};
					BCC51E0A28210F5800CDD04F = {
						CreatedOnToolsVersion = 13.3;
						TestTargetID = BCC51DF428210F5700CDD04F;
					};
					BCC51E1428210F5800CDD04F = {
						CreatedOnToolsVersion = 13.3;
						TestTargetID = BCC51DF428210F5700CDD04F;
					};
				};
			};
			buildConfigurationList = BCC51DF028210F5700CDD04F /* Build configuration list for PBXProject "Krello" */;
			compatibilityVersion = "Xcode 13.0";
			developmentRegion = en;
			hasScannedForEncodings = 0;
			knownRegions = (
				en,
				Base,
			);
			mainGroup = BCC51DEC28210F5700CDD04F;
			productRefGroup = BCC51DF628210F5700CDD04F /* Products */;
			projectDirPath = "";
			projectRoot = "";
			targets = (
				BCC51DF428210F5700CDD04F /* Krello */,
				BCC51E0A28210F5800CDD04F /* KrelloTests */,
				BCC51E1428210F5800CDD04F /* KrelloUITests */,
			);
		};
/* End PBXProject section */

/* Begin PBXResourcesBuildPhase section */
		BCC51DF328210F5700CDD04F /* Resources */ = {
			isa = PBXResourcesBuildPhase;
			buildActionMask = 2147483647;
			files = (
				BCC51E0528210F5800CDD04F /* LaunchScreen.storyboard in Resources */,
				BCC51E0228210F5800CDD04F /* Assets.xcassets in Resources */,
				BCC51E0028210F5700CDD04F /* Main.storyboard in Resources */,
			);
			runOnlyForDeploymentPostprocessing = 0;
		};
		BCC51E0928210F5800CDD04F /* Resources */ = {
			isa = PBXResourcesBuildPhase;
			buildActionMask = 2147483647;
			files = (
			);
			runOnlyForDeploymentPostprocessing = 0;
		};
		BCC51E1328210F5800CDD04F /* Resources */ = {
			isa = PBXResourcesBuildPhase;
			buildActionMask = 2147483647;
			files = (
			);
			runOnlyForDeploymentPostprocessing = 0;
		};
/* End PBXResourcesBuildPhase section */

/* Begin PBXSourcesBuildPhase section */
		BCC51DF128210F5700CDD04F /* Sources */ = {
			isa = PBXSourcesBuildPhase;
			buildActionMask = 2147483647;
			files = (
				BCC51DFD28210F5700CDD04F /* ViewController.swift in Sources */,
				BCC51DF928210F5700CDD04F /* AppDelegate.swift in Sources */,
				BCC51DFB28210F5700CDD04F /* SceneDelegate.swift in Sources */,
			);
			runOnlyForDeploymentPostprocessing = 0;
		};
		BCC51E0728210F5800CDD04F /* Sources */ = {
			isa = PBXSourcesBuildPhase;
			buildActionMask = 2147483647;
			files = (
				BCC51E1028210F5800CDD04F /* KrelloTests.swift in Sources */,
			);
			runOnlyForDeploymentPostprocessing = 0;
		};
		BCC51E1128210F5800CDD04F /* Sources */ = {
			isa = PBXSourcesBuildPhase;
			buildActionMask = 2147483647;
			files = (
				BCC51E1A28210F5800CDD04F /* KrelloUITests.swift in Sources */,
				BCC51E1C28210F5800CDD04F /* KrelloUITestsLaunchTests.swift in Sources */,
			);
			runOnlyForDeploymentPostprocessing = 0;
		};
/* End PBXSourcesBuildPhase section */

/* Begin PBXTargetDependency section */
		BCC51E0D28210F5800CDD04F /* PBXTargetDependency */ = {
			isa = PBXTargetDependency;
			target = BCC51DF428210F5700CDD04F /* Krello */;
			targetProxy = BCC51E0C28210F5800CDD04F /* PBXContainerItemProxy */;
		};
		BCC51E1728210F5800CDD04F /* PBXTargetDependency */ = {
			isa = PBXTargetDependency;
			target = BCC51DF428210F5700CDD04F /* Krello */;
			targetProxy = BCC51E1628210F5800CDD04F /* PBXContainerItemProxy */;
		};
/* End PBXTargetDependency section */

/* Begin PBXVariantGroup section */
		BCC51DFE28210F5700CDD04F /* Main.storyboard */ = {
			isa = PBXVariantGroup;
			children = (
				BCC51DFF28210F5700CDD04F /* Base */,
			);
			name = Main.storyboard;
			sourceTree = "<group>";
		};
		BCC51E0328210F5800CDD04F /* LaunchScreen.storyboard */ = {
			isa = PBXVariantGroup;
			children = (
				BCC51E0428210F5800CDD04F /* Base */,
			);
			name = LaunchScreen.storyboard;
			sourceTree = "<group>";
		};
/* End PBXVariantGroup section */

/* Begin XCBuildConfiguration section */
		BCC51E1D28210F5800CDD04F /* Debug */ = {
			isa = XCBuildConfiguration;
			buildSettings = {
				ALWAYS_SEARCH_USER_PATHS = NO;
				CLANG_ANALYZER_NONNULL = YES;
				CLANG_ANALYZER_NUMBER_OBJECT_CONVERSION = YES_AGGRESSIVE;
				CLANG_CXX_LANGUAGE_STANDARD = "gnu++17";
				CLANG_ENABLE_MODULES = YES;
				CLANG_ENABLE_OBJC_ARC = YES;
				CLANG_ENABLE_OBJC_WEAK = YES;
				CLANG_WARN_BLOCK_CAPTURE_AUTORELEASING = YES;
				CLANG_WARN_BOOL_CONVERSION = YES;
				CLANG_WARN_COMMA = YES;
				CLANG_WARN_CONSTANT_CONVERSION = YES;
				CLANG_WARN_DEPRECATED_OBJC_IMPLEMENTATIONS = YES;
				CLANG_WARN_DIRECT_OBJC_ISA_USAGE = YES_ERROR;
				CLANG_WARN_DOCUMENTATION_COMMENTS = YES;
				CLANG_WARN_EMPTY_BODY = YES;
				CLANG_WARN_ENUM_CONVERSION = YES;
				CLANG_WARN_INFINITE_RECURSION = YES;
				CLANG_WARN_INT_CONVERSION = YES;
				CLANG_WARN_NON_LITERAL_NULL_CONVERSION = YES;
				CLANG_WARN_OBJC_IMPLICIT_RETAIN_SELF = YES;
				CLANG_WARN_OBJC_LITERAL_CONVERSION = YES;
				CLANG_WARN_OBJC_ROOT_CLASS = YES_ERROR;
				CLANG_WARN_QUOTED_INCLUDE_IN_FRAMEWORK_HEADER = YES;
				CLANG_WARN_RANGE_LOOP_ANALYSIS = YES;
				CLANG_WARN_STRICT_PROTOTYPES = YES;
				CLANG_WARN_SUSPICIOUS_MOVE = YES;
				CLANG_WARN_UNGUARDED_AVAILABILITY = YES_AGGRESSIVE;
				CLANG_WARN_UNREACHABLE_CODE = YES;
				CLANG_WARN__DUPLICATE_METHOD_MATCH = YES;
				COPY_PHASE_STRIP = NO;
				DEBUG_INFORMATION_FORMAT = dwarf;
				ENABLE_STRICT_OBJC_MSGSEND = YES;
				ENABLE_TESTABILITY = YES;
				GCC_C_LANGUAGE_STANDARD = gnu11;
				GCC_DYNAMIC_NO_PIC = NO;
				GCC_NO_COMMON_BLOCKS = YES;
				GCC_OPTIMIZATION_LEVEL = 0;
				GCC_PREPROCESSOR_DEFINITIONS = (
					"DEBUG=1",
					"$(inherited)",
				);
				GCC_WARN_64_TO_32_BIT_CONVERSION = YES;
				GCC_WARN_ABOUT_RETURN_TYPE = YES_ERROR;
				GCC_WARN_UNDECLARED_SELECTOR = YES;
				GCC_WARN_UNINITIALIZED_AUTOS = YES_AGGRESSIVE;
				GCC_WARN_UNUSED_FUNCTION = YES;
				GCC_WARN_UNUSED_VARIABLE = YES;
				IPHONEOS_DEPLOYMENT_TARGET = 15.4;
				MTL_ENABLE_DEBUG_INFO = INCLUDE_SOURCE;
				MTL_FAST_MATH = YES;
				ONLY_ACTIVE_ARCH = YES;
				SDKROOT = iphoneos;
				SWIFT_ACTIVE_COMPILATION_CONDITIONS = DEBUG;
				SWIFT_OPTIMIZATION_LEVEL = "-Onone";
			};
			name = Debug;
		};
		BCC51E1E28210F5800CDD04F /* Release */ = {
			isa = XCBuildConfiguration;
			buildSettings = {
				ALWAYS_SEARCH_USER_PATHS = NO;
				CLANG_ANALYZER_NONNULL = YES;
				CLANG_ANALYZER_NUMBER_OBJECT_CONVERSION = YES_AGGRESSIVE;
				CLANG_CXX_LANGUAGE_STANDARD = "gnu++17";
				CLANG_ENABLE_MODULES = YES;
				CLANG_ENABLE_OBJC_ARC = YES;
				CLANG_ENABLE_OBJC_WEAK = YES;
				CLANG_WARN_BLOCK_CAPTURE_AUTORELEASING = YES;
				CLANG_WARN_BOOL_CONVERSION = YES;
				CLANG_WARN_COMMA = YES;
				CLANG_WARN_CONSTANT_CONVERSION = YES;
				CLANG_WARN_DEPRECATED_OBJC_IMPLEMENTATIONS = YES;
				CLANG_WARN_DIRECT_OBJC_ISA_USAGE = YES_ERROR;
				CLANG_WARN_DOCUMENTATION_COMMENTS = YES;
				CLANG_WARN_EMPTY_BODY = YES;
				CLANG_WARN_ENUM_CONVERSION = YES;
				CLANG_WARN_INFINITE_RECURSION = YES;
				CLANG_WARN_INT_CONVERSION = YES;
				CLANG_WARN_NON_LITERAL_NULL_CONVERSION = YES;
				CLANG_WARN_OBJC_IMPLICIT_RETAIN_SELF = YES;
				CLANG_WARN_OBJC_LITERAL_CONVERSION = YES;
				CLANG_WARN_OBJC_ROOT_CLASS = YES_ERROR;
				CLANG_WARN_QUOTED_INCLUDE_IN_FRAMEWORK_HEADER = YES;
				CLANG_WARN_RANGE_LOOP_ANALYSIS = YES;
				CLANG_WARN_STRICT_PROTOTYPES = YES;
				CLANG_WARN_SUSPICIOUS_MOVE = YES;
				CLANG_WARN_UNGUARDED_AVAILABILITY = YES_AGGRESSIVE;
				CLANG_WARN_UNREACHABLE_CODE = YES;
				CLANG_WARN__DUPLICATE_METHOD_MATCH = YES;
				COPY_PHASE_STRIP = NO;
				DEBUG_INFORMATION_FORMAT = "dwarf-with-dsym";
				ENABLE_NS_ASSERTIONS = NO;
				ENABLE_STRICT_OBJC_MSGSEND = YES;
				GCC_C_LANGUAGE_STANDARD = gnu11;
				GCC_NO_COMMON_BLOCKS = YES;
				GCC_WARN_64_TO_32_BIT_CONVERSION = YES;
				GCC_WARN_ABOUT_RETURN_TYPE = YES_ERROR;
				GCC_WARN_UNDECLARED_SELECTOR = YES;
				GCC_WARN_UNINITIALIZED_AUTOS = YES_AGGRESSIVE;
				GCC_WARN_UNUSED_FUNCTION = YES;
				GCC_WARN_UNUSED_VARIABLE = YES;
				IPHONEOS_DEPLOYMENT_TARGET = 15.4;
				MTL_ENABLE_DEBUG_INFO = NO;
				MTL_FAST_MATH = YES;
				SDKROOT = iphoneos;
				SWIFT_COMPILATION_MODE = wholemodule;
				SWIFT_OPTIMIZATION_LEVEL = "-O";
				VALIDATE_PRODUCT = YES;
			};
			name = Release;
		};
		BCC51E2028210F5800CDD04F /* Debug */ = {
			isa = XCBuildConfiguration;
			buildSettings = {
				ASSETCATALOG_COMPILER_APPICON_NAME = AppIcon;
				ASSETCATALOG_COMPILER_GLOBAL_ACCENT_COLOR_NAME = AccentColor;
				CODE_SIGN_STYLE = Automatic;
				CURRENT_PROJECT_VERSION = 1;
				DEVELOPMENT_TEAM = B3PWYBKFUK;
				GENERATE_INFOPLIST_FILE = YES;
				INFOPLIST_FILE = Krello/Info.plist;
				INFOPLIST_KEY_UIApplicationSupportsIndirectInputEvents = YES;
				INFOPLIST_KEY_UILaunchStoryboardName = LaunchScreen;
				INFOPLIST_KEY_UIMainStoryboardFile = Main;
				INFOPLIST_KEY_UISupportedInterfaceOrientations_iPad = "UIInterfaceOrientationPortrait UIInterfaceOrientationPortraitUpsideDown UIInterfaceOrientationLandscapeLeft UIInterfaceOrientationLandscapeRight";
				INFOPLIST_KEY_UISupportedInterfaceOrientations_iPhone = "UIInterfaceOrientationPortrait UIInterfaceOrientationLandscapeLeft UIInterfaceOrientationLandscapeRight";
				LD_RUNPATH_SEARCH_PATHS = (
					"$(inherited)",
					"@executable_path/Frameworks",
				);
				MARKETING_VERSION = 1.0;
				PRODUCT_BUNDLE_IDENTIFIER = com.eddysong.Krello;
				PRODUCT_NAME = "$(TARGET_NAME)";
				SWIFT_EMIT_LOC_STRINGS = YES;
				SWIFT_VERSION = 5.0;
				TARGETED_DEVICE_FAMILY = "1,2";
			};
			name = Debug;
		};
		BCC51E2128210F5800CDD04F /* Release */ = {
			isa = XCBuildConfiguration;
			buildSettings = {
				ASSETCATALOG_COMPILER_APPICON_NAME = AppIcon;
				ASSETCATALOG_COMPILER_GLOBAL_ACCENT_COLOR_NAME = AccentColor;
				CODE_SIGN_STYLE = Automatic;
				CURRENT_PROJECT_VERSION = 1;
				DEVELOPMENT_TEAM = B3PWYBKFUK;
				GENERATE_INFOPLIST_FILE = YES;
				INFOPLIST_FILE = Krello/Info.plist;
				INFOPLIST_KEY_UIApplicationSupportsIndirectInputEvents = YES;
				INFOPLIST_KEY_UILaunchStoryboardName = LaunchScreen;
				INFOPLIST_KEY_UIMainStoryboardFile = Main;
				INFOPLIST_KEY_UISupportedInterfaceOrientations_iPad = "UIInterfaceOrientationPortrait UIInterfaceOrientationPortraitUpsideDown UIInterfaceOrientationLandscapeLeft UIInterfaceOrientationLandscapeRight";
				INFOPLIST_KEY_UISupportedInterfaceOrientations_iPhone = "UIInterfaceOrientationPortrait UIInterfaceOrientationLandscapeLeft UIInterfaceOrientationLandscapeRight";
				LD_RUNPATH_SEARCH_PATHS = (
					"$(inherited)",
					"@executable_path/Frameworks",
				);
				MARKETING_VERSION = 1.0;
				PRODUCT_BUNDLE_IDENTIFIER = com.eddysong.Krello;
				PRODUCT_NAME = "$(TARGET_NAME)";
				SWIFT_EMIT_LOC_STRINGS = YES;
				SWIFT_VERSION = 5.0;
				TARGETED_DEVICE_FAMILY = "1,2";
			};
			name = Release;
		};
		BCC51E2328210F5800CDD04F /* Debug */ = {
			isa = XCBuildConfiguration;
			buildSettings = {
				ALWAYS_EMBED_SWIFT_STANDARD_LIBRARIES = YES;
				BUNDLE_LOADER = "$(TEST_HOST)";
				CODE_SIGN_STYLE = Automatic;
				CURRENT_PROJECT_VERSION = 1;
				DEVELOPMENT_TEAM = B3PWYBKFUK;
				GENERATE_INFOPLIST_FILE = YES;
				IPHONEOS_DEPLOYMENT_TARGET = 15.4;
				MARKETING_VERSION = 1.0;
				PRODUCT_BUNDLE_IDENTIFIER = com.eddysong.KrelloTests;
				PRODUCT_NAME = "$(TARGET_NAME)";
				SWIFT_EMIT_LOC_STRINGS = NO;
				SWIFT_VERSION = 5.0;
				TARGETED_DEVICE_FAMILY = "1,2";
				TEST_HOST = "$(BUILT_PRODUCTS_DIR)/Krello.app/Krello";
			};
			name = Debug;
		};
		BCC51E2428210F5800CDD04F /* Release */ = {
			isa = XCBuildConfiguration;
			buildSettings = {
				ALWAYS_EMBED_SWIFT_STANDARD_LIBRARIES = YES;
				BUNDLE_LOADER = "$(TEST_HOST)";
				CODE_SIGN_STYLE = Automatic;
				CURRENT_PROJECT_VERSION = 1;
				DEVELOPMENT_TEAM = B3PWYBKFUK;
				GENERATE_INFOPLIST_FILE = YES;
				IPHONEOS_DEPLOYMENT_TARGET = 15.4;
				MARKETING_VERSION = 1.0;
				PRODUCT_BUNDLE_IDENTIFIER = com.eddysong.KrelloTests;
				PRODUCT_NAME = "$(TARGET_NAME)";
				SWIFT_EMIT_LOC_STRINGS = NO;
				SWIFT_VERSION = 5.0;
				TARGETED_DEVICE_FAMILY = "1,2";
				TEST_HOST = "$(BUILT_PRODUCTS_DIR)/Krello.app/Krello";
			};
			name = Release;
		};
		BCC51E2628210F5800CDD04F /* Debug */ = {
			isa = XCBuildConfiguration;
			buildSettings = {
				ALWAYS_EMBED_SWIFT_STANDARD_LIBRARIES = YES;
				CODE_SIGN_STYLE = Automatic;
				CURRENT_PROJECT_VERSION = 1;
				DEVELOPMENT_TEAM = B3PWYBKFUK;
				GENERATE_INFOPLIST_FILE = YES;
				MARKETING_VERSION = 1.0;
				PRODUCT_BUNDLE_IDENTIFIER = com.eddysong.KrelloUITests;
				PRODUCT_NAME = "$(TARGET_NAME)";
				SWIFT_EMIT_LOC_STRINGS = NO;
				SWIFT_VERSION = 5.0;
				TARGETED_DEVICE_FAMILY = "1,2";
				TEST_TARGET_NAME = Krello;
			};
			name = Debug;
		};
		BCC51E2728210F5800CDD04F /* Release */ = {
			isa = XCBuildConfiguration;
			buildSettings = {
				ALWAYS_EMBED_SWIFT_STANDARD_LIBRARIES = YES;
				CODE_SIGN_STYLE = Automatic;
				CURRENT_PROJECT_VERSION = 1;
				DEVELOPMENT_TEAM = B3PWYBKFUK;
				GENERATE_INFOPLIST_FILE = YES;
				MARKETING_VERSION = 1.0;
				PRODUCT_BUNDLE_IDENTIFIER = com.eddysong.KrelloUITests;
				PRODUCT_NAME = "$(TARGET_NAME)";
				SWIFT_EMIT_LOC_STRINGS = NO;
				SWIFT_VERSION = 5.0;
				TARGETED_DEVICE_FAMILY = "1,2";
				TEST_TARGET_NAME = Krello;
			};
			name = Release;
		};
/* End XCBuildConfiguration section */

/* Begin XCConfigurationList section */
		BCC51DF028210F5700CDD04F /* Build configuration list for PBXProject "Krello" */ = {
			isa = XCConfigurationList;
			buildConfigurations = (
				BCC51E1D28210F5800CDD04F /* Debug */,
				BCC51E1E28210F5800CDD04F /* Release */,
			);
			defaultConfigurationIsVisible = 0;
			defaultConfigurationName = Release;
		};
		BCC51E1F28210F5800CDD04F /* Build configuration list for PBXNativeTarget "Krello" */ = {
			isa = XCConfigurationList;
			buildConfigurations = (
				BCC51E2028210F5800CDD04F /* Debug */,
				BCC51E2128210F5800CDD04F /* Release */,
			);
			defaultConfigurationIsVisible = 0;
			defaultConfigurationName = Release;
		};
		BCC51E2228210F5800CDD04F /* Build configuration list for PBXNativeTarget "KrelloTests" */ = {
			isa = XCConfigurationList;
			buildConfigurations = (
				BCC51E2328210F5800CDD04F /* Debug */,
				BCC51E2428210F5800CDD04F /* Release */,
			);
			defaultConfigurationIsVisible = 0;
			defaultConfigurationName = Release;
		};
		BCC51E2528210F5800CDD04F /* Build configuration list for PBXNativeTarget "KrelloUITests" */ = {
			isa = XCConfigurationList;
			buildConfigurations = (
				BCC51E2628210F5800CDD04F /* Debug */,
				BCC51E2728210F5800CDD04F /* Release */,
			);
			defaultConfigurationIsVisible = 0;
			defaultConfigurationName = Release;
		};
/* End XCConfigurationList section */
	};
	rootObject = BCC51DED28210F5700CDD04F /* Project object */;
}
